{
  "pins" : [
    {
      "identity" : "cborcoding",
      "kind" : "remoteSourceControl",
      "location" : "https://github.com/SomeRandomiOSDev/CBORCoding.git",
      "state" : {
        "revision" : "48b1a2790eb2987bfcbe844f31b7c477e67f7db8",
        "version" : "1.3.2"
      }
    },
    {
      "identity" : "half",
      "kind" : "remoteSourceControl",
      "location" : "https://github.com/SomeRandomiOSDev/Half",
      "state" : {
        "revision" : "9f95ddc774eefae46d92492ed8d49457dcf031f4",
        "version" : "1.3.2"
      }
    }
  ],
  "version" : 2
}
