// !$*UTF8*$!
{
	archiveVersion = 1;
	classes = {
	};
	objectVersion = 56;
	objects = {

/* Begin PBXBuildFile section */
		76C138632AE0B40B001215AA /* AppDelegate.swift in Sources */ = {isa = PBXBuildFile; fileRef = 76C138622AE0B40B001215AA /* AppDelegate.swift */; };
		76C138652AE0B40B001215AA /* SceneDelegate.swift in Sources */ = {isa = PBXBuildFile; fileRef = 76C138642AE0B40B001215AA /* SceneDelegate.swift */; };
		76C138672AE0B40B001215AA /* ViewController.swift in Sources */ = {isa = PBXBuildFile; fileRef = 76C138662AE0B40B001215AA /* ViewController.swift */; };
		76C1386A2AE0B40B001215AA /* Main.storyboard in Resources */ = {isa = PBXBuildFile; fileRef = 76C138682AE0B40B001215AA /* Main.storyboard */; };
		76C1386C2AE0B40E001215AA /* Assets.xcassets in Resources */ = {isa = PBXBuildFile; fileRef = 76C1386B2AE0B40E001215AA /* Assets.xcassets */; };
		76C1386F2AE0B40E001215AA /* LaunchScreen.storyboard in Resources */ = {isa = PBXBuildFile; fileRef = 76C1386D2AE0B40E001215AA /* LaunchScreen.storyboard */; };
		76C1387A2AE0B40E001215AA /* password_managerTests.swift in Sources */ = {isa = PBXBuildFile; fileRef = 76C138792AE0B40E001215AA /* password_managerTests.swift */; };
		76C138842AE0B40E001215AA /* password_managerUITests.swift in Sources */ = {isa = PBXBuildFile; fileRef = 76C138832AE0B40E001215AA /* password_managerUITests.swift */; };
		76C138862AE0B40E001215AA /* password_managerUITestsLaunchTests.swift in Sources */ = {isa = PBXBuildFile; fileRef = 76C138852AE0B40E001215AA /* password_managerUITestsLaunchTests.swift */; };
/* End PBXBuildFile section */

/* Begin PBXContainerItemProxy section */
		76C138762AE0B40E001215AA /* PBXContainerItemProxy */ = {
			isa = PBXContainerItemProxy;
			containerPortal = 76C138572AE0B40B001215AA /* Project object */;
			proxyType = 1;
			remoteGlobalIDString = 76C1385E2AE0B40B001215AA;
			remoteInfo = "password-manager";
		};
		76C138802AE0B40E001215AA /* PBXContainerItemProxy */ = {
			isa = PBXContainerItemProxy;
			containerPortal = 76C138572AE0B40B001215AA /* Project object */;
			proxyType = 1;
			remoteGlobalIDString = 76C1385E2AE0B40B001215AA;
			remoteInfo = "password-manager";
		};
/* End PBXContainerItemProxy section */

/* Begin PBXFileReference section */
		76C1385F2AE0B40B001215AA /* password-manager.app */ = {isa = PBXFileReference; explicitFileType = wrapper.application; includeInIndex = 0; path = "password-manager.app"; sourceTree = BUILT_PRODUCTS_DIR; };
		76C138622AE0B40B001215AA /* AppDelegate.swift */ = {isa = PBXFileReference; lastKnownFileType = sourcecode.swift; path = AppDelegate.swift; sourceTree = "<group>"; };
		76C138642AE0B40B001215AA /* SceneDelegate.swift */ = {isa = PBXFileReference; lastKnownFileType = sourcecode.swift; path = SceneDelegate.swift; sourceTree = "<group>"; };
		76C138662AE0B40B001215AA /* ViewController.swift */ = {isa = PBXFileReference; lastKnownFileType = sourcecode.swift; path = ViewController.swift; sourceTree = "<group>"; };
		76C138692AE0B40B001215AA /* Base */ = {isa = PBXFileReference; lastKnownFileType = file.storyboard; name = Base; path = Base.lproj/Main.storyboard; sourceTree = "<group>"; };
		76C1386B2AE0B40E001215AA /* Assets.xcassets */ = {isa = PBXFileReference; lastKnownFileType = folder.assetcatalog; path = Assets.xcassets; sourceTree = "<group>"; };
		76C1386E2AE0B40E001215AA /* Base */ = {isa = PBXFileReference; lastKnownFileType = file.storyboard; name = Base; path = Base.lproj/LaunchScreen.storyboard; sourceTree = "<group>"; };
		76C138702AE0B40E001215AA /* Info.plist */ = {isa = PBXFileReference; lastKnownFileType = text.plist.xml; path = Info.plist; sourceTree = "<group>"; };
		76C138752AE0B40E001215AA /* password-managerTests.xctest */ = {isa = PBXFileReference; explicitFileType = wrapper.cfbundle; includeInIndex = 0; path = "password-managerTests.xctest"; sourceTree = BUILT_PRODUCTS_DIR; };
		76C138792AE0B40E001215AA /* password_managerTests.swift */ = {isa = PBXFileReference; lastKnownFileType = sourcecode.swift; path = password_managerTests.swift; sourceTree = "<group>"; };
		76C1387F2AE0B40E001215AA /* password-managerUITests.xctest */ = {isa = PBXFileReference; explicitFileType = wrapper.cfbundle; includeInIndex = 0; path = "password-managerUITests.xctest"; sourceTree = BUILT_PRODUCTS_DIR; };
		76C138832AE0B40E001215AA /* password_managerUITests.swift */ = {isa = PBXFileReference; lastKnownFileType = sourcecode.swift; path = password_managerUITests.swift; sourceTree = "<group>"; };
		76C138852AE0B40E001215AA /* password_managerUITestsLaunchTests.swift */ = {isa = PBXFileReference; lastKnownFileType = sourcecode.swift; path = password_managerUITestsLaunchTests.swift; sourceTree = "<group>"; };
/* End PBXFileReference section */

/* Begin PBXFrameworksBuildPhase section */
		76C1385C2AE0B40B001215AA /* Frameworks */ = {
			isa = PBXFrameworksBuildPhase;
			buildActionMask = 2147483647;
			files = (
			);
			runOnlyForDeploymentPostprocessing = 0;
		};
		76C138722AE0B40E001215AA /* Frameworks */ = {
			isa = PBXFrameworksBuildPhase;
			buildActionMask = 2147483647;
			files = (
			);
			runOnlyForDeploymentPostprocessing = 0;
		};
		76C1387C2AE0B40E001215AA /* Frameworks */ = {
			isa = PBXFrameworksBuildPhase;
			buildActionMask = 2147483647;
			files = (
			);
			runOnlyForDeploymentPostprocessing = 0;
		};
/* End PBXFrameworksBuildPhase section */

/* Begin PBXGroup section */
		76C138562AE0B40B001215AA = {
			isa = PBXGroup;
			children = (
				76C138612AE0B40B001215AA /* password-manager */,
				76C138782AE0B40E001215AA /* password-managerTests */,
				76C138822AE0B40E001215AA /* password-managerUITests */,
				76C138602AE0B40B001215AA /* Products */,
			);
			sourceTree = "<group>";
		};
		76C138602AE0B40B001215AA /* Products */ = {
			isa = PBXGroup;
			children = (
				76C1385F2AE0B40B001215AA /* password-manager.app */,
				76C138752AE0B40E001215AA /* password-managerTests.xctest */,
				76C1387F2AE0B40E001215AA /* password-managerUITests.xctest */,
			);
			name = Products;
			sourceTree = "<group>";
		};
		76C138612AE0B40B001215AA /* password-manager */ = {
			isa = PBXGroup;
			children = (
				76C138622AE0B40B001215AA /* AppDelegate.swift */,
				76C138642AE0B40B001215AA /* SceneDelegate.swift */,
				76C138662AE0B40B001215AA /* ViewController.swift */,
				76C138682AE0B40B001215AA /* Main.storyboard */,
				76C1386B2AE0B40E001215AA /* Assets.xcassets */,
				76C1386D2AE0B40E001215AA /* LaunchScreen.storyboard */,
				76C138702AE0B40E001215AA /* Info.plist */,
			);
			path = "password-manager";
			sourceTree = "<group>";
		};
		76C138782AE0B40E001215AA /* password-managerTests */ = {
			isa = PBXGroup;
			children = (
				76C138792AE0B40E001215AA /* password_managerTests.swift */,
			);
			path = "password-managerTests";
			sourceTree = "<group>";
		};
		76C138822AE0B40E001215AA /* password-managerUITests */ = {
			isa = PBXGroup;
			children = (
				76C138832AE0B40E001215AA /* password_managerUITests.swift */,
				76C138852AE0B40E001215AA /* password_managerUITestsLaunchTests.swift */,
			);
			path = "password-managerUITests";
			sourceTree = "<group>";
		};
/* End PBXGroup section */

/* Begin PBXNativeTarget section */
		76C1385E2AE0B40B001215AA /* password-manager */ = {
			isa = PBXNativeTarget;
			buildConfigurationList = 76C138892AE0B40E001215AA /* Build configuration list for PBXNativeTarget "password-manager" */;
			buildPhases = (
				76C1385B2AE0B40B001215AA /* Sources */,
				76C1385C2AE0B40B001215AA /* Frameworks */,
				76C1385D2AE0B40B001215AA /* Resources */,
			);
			buildRules = (
			);
			dependencies = (
			);
			name = "password-manager";
			productName = "password-manager";
			productReference = 76C1385F2AE0B40B001215AA /* password-manager.app */;
			productType = "com.apple.product-type.application";
		};
		76C138742AE0B40E001215AA /* password-managerTests */ = {
			isa = PBXNativeTarget;
			buildConfigurationList = 76C1388C2AE0B40E001215AA /* Build configuration list for PBXNativeTarget "password-managerTests" */;
			buildPhases = (
				76C138712AE0B40E001215AA /* Sources */,
				76C138722AE0B40E001215AA /* Frameworks */,
				76C138732AE0B40E001215AA /* Resources */,
			);
			buildRules = (
			);
			dependencies = (
				76C138772AE0B40E001215AA /* PBXTargetDependency */,
			);
			name = "password-managerTests";
			productName = "password-managerTests";
			productReference = 76C138752AE0B40E001215AA /* password-managerTests.xctest */;
			productType = "com.apple.product-type.bundle.unit-test";
		};
		76C1387E2AE0B40E001215AA /* password-managerUITests */ = {
			isa = PBXNativeTarget;
			buildConfigurationList = 76C1388F2AE0B40E001215AA /* Build configuration list for PBXNativeTarget "password-managerUITests" */;
			buildPhases = (
				76C1387B2AE0B40E001215AA /* Sources */,
				76C1387C2AE0B40E001215AA /* Frameworks */,
				76C1387D2AE0B40E001215AA /* Resources */,
			);
			buildRules = (
			);
			dependencies = (
				76C138812AE0B40E001215AA /* PBXTargetDependency */,
			);
			name = "password-managerUITests";
			productName = "password-managerUITests";
			productReference = 76C1387F2AE0B40E001215AA /* password-managerUITests.xctest */;
			productType = "com.apple.product-type.bundle.ui-testing";
		};
/* End PBXNativeTarget section */

/* Begin PBXProject section */
		76C138572AE0B40B001215AA /* Project object */ = {
			isa = PBXProject;
			attributes = {
				BuildIndependentTargetsInParallel = 1;
				LastSwiftUpdateCheck = 1500;
				LastUpgradeCheck = 1500;
				TargetAttributes = {
					76C1385E2AE0B40B001215AA = {
						CreatedOnToolsVersion = 15.0;
					};
					76C138742AE0B40E001215AA = {
						CreatedOnToolsVersion = 15.0;
						TestTargetID = 76C1385E2AE0B40B001215AA;
					};
					76C1387E2AE0B40E001215AA = {
						CreatedOnToolsVersion = 15.0;
						TestTargetID = 76C1385E2AE0B40B001215AA;
					};
				};
			};
			buildConfigurationList = 76C1385A2AE0B40B001215AA /* Build configuration list for PBXProject "password-manager" */;
			compatibilityVersion = "Xcode 14.0";
			developmentRegion = en;
			hasScannedForEncodings = 0;
			knownRegions = (
				en,
				Base,
			);
			mainGroup = 76C138562AE0B40B001215AA;
			productRefGroup = 76C138602AE0B40B001215AA /* Products */;
			projectDirPath = "";
			projectRoot = "";
			targets = (
				76C1385E2AE0B40B001215AA /* password-manager */,
				76C138742AE0B40E001215AA /* password-managerTests */,
				76C1387E2AE0B40E001215AA /* password-managerUITests */,
			);
		};
/* End PBXProject section */

/* Begin PBXResourcesBuildPhase section */
		76C1385D2AE0B40B001215AA /* Resources */ = {
			isa = PBXResourcesBuildPhase;
			buildActionMask = 2147483647;
			files = (
				76C1386F2AE0B40E001215AA /* LaunchScreen.storyboard in Resources */,
				76C1386C2AE0B40E001215AA /* Assets.xcassets in Resources */,
				76C1386A2AE0B40B001215AA /* Main.storyboard in Resources */,
			);
			runOnlyForDeploymentPostprocessing = 0;
		};
		76C138732AE0B40E001215AA /* Resources */ = {
			isa = PBXResourcesBuildPhase;
			buildActionMask = 2147483647;
			files = (
			);
			runOnlyForDeploymentPostprocessing = 0;
		};
		76C1387D2AE0B40E001215AA /* Resources */ = {
			isa = PBXResourcesBuildPhase;
			buildActionMask = 2147483647;
			files = (
			);
			runOnlyForDeploymentPostprocessing = 0;
		};
/* End PBXResourcesBuildPhase section */

/* Begin PBXSourcesBuildPhase section */
		76C1385B2AE0B40B001215AA /* Sources */ = {
			isa = PBXSourcesBuildPhase;
			buildActionMask = 2147483647;
			files = (
				76C138672AE0B40B001215AA /* ViewController.swift in Sources */,
				76C138632AE0B40B001215AA /* AppDelegate.swift in Sources */,
				76C138652AE0B40B001215AA /* SceneDelegate.swift in Sources */,
			);
			runOnlyForDeploymentPostprocessing = 0;
		};
		76C138712AE0B40E001215AA /* Sources */ = {
			isa = PBXSourcesBuildPhase;
			buildActionMask = 2147483647;
			files = (
				76C1387A2AE0B40E001215AA /* password_managerTests.swift in Sources */,
			);
			runOnlyForDeploymentPostprocessing = 0;
		};
		76C1387B2AE0B40E001215AA /* Sources */ = {
			isa = PBXSourcesBuildPhase;
			buildActionMask = 2147483647;
			files = (
				76C138842AE0B40E001215AA /* password_managerUITests.swift in Sources */,
				76C138862AE0B40E001215AA /* password_managerUITestsLaunchTests.swift in Sources */,
			);
			runOnlyForDeploymentPostprocessing = 0;
		};
/* End PBXSourcesBuildPhase section */

/* Begin PBXTargetDependency section */
		76C138772AE0B40E001215AA /* PBXTargetDependency */ = {
			isa = PBXTargetDependency;
			target = 76C1385E2AE0B40B001215AA /* password-manager */;
			targetProxy = 76C138762AE0B40E001215AA /* PBXContainerItemProxy */;
		};
		76C138812AE0B40E001215AA /* PBXTargetDependency */ = {
			isa = PBXTargetDependency;
			target = 76C1385E2AE0B40B001215AA /* password-manager */;
			targetProxy = 76C138802AE0B40E001215AA /* PBXContainerItemProxy */;
		};
/* End PBXTargetDependency section */

/* Begin PBXVariantGroup section */
		76C138682AE0B40B001215AA /* Main.storyboard */ = {
			isa = PBXVariantGroup;
			children = (
				76C138692AE0B40B001215AA /* Base */,
			);
			name = Main.storyboard;
			sourceTree = "<group>";
		};
		76C1386D2AE0B40E001215AA /* LaunchScreen.storyboard */ = {
			isa = PBXVariantGroup;
			children = (
				76C1386E2AE0B40E001215AA /* Base */,
			);
			name = LaunchScreen.storyboard;
			sourceTree = "<group>";
		};
/* End PBXVariantGroup section */

/* Begin XCBuildConfiguration section */
		76C138872AE0B40E001215AA /* Debug */ = {
			isa = XCBuildConfiguration;
			buildSettings = {
				ALWAYS_SEARCH_USER_PATHS = NO;
				ASSETCATALOG_COMPILER_GENERATE_SWIFT_ASSET_SYMBOL_EXTENSIONS = YES;
				CLANG_ANALYZER_NONNULL = YES;
				CLANG_ANALYZER_NUMBER_OBJECT_CONVERSION = YES_AGGRESSIVE;
				CLANG_CXX_LANGUAGE_STANDARD = "gnu++20";
				CLANG_ENABLE_MODULES = YES;
				CLANG_ENABLE_OBJC_ARC = YES;
				CLANG_ENABLE_OBJC_WEAK = YES;
				CLANG_WARN_BLOCK_CAPTURE_AUTORELEASING = YES;
				CLANG_WARN_BOOL_CONVERSION = YES;
				CLANG_WARN_COMMA = YES;
				CLANG_WARN_CONSTANT_CONVERSION = YES;
				CLANG_WARN_DEPRECATED_OBJC_IMPLEMENTATIONS = YES;
				CLANG_WARN_DIRECT_OBJC_ISA_USAGE = YES_ERROR;
				CLANG_WARN_DOCUMENTATION_COMMENTS = YES;
				CLANG_WARN_EMPTY_BODY = YES;
				CLANG_WARN_ENUM_CONVERSION = YES;
				CLANG_WARN_INFINITE_RECURSION = YES;
				CLANG_WARN_INT_CONVERSION = YES;
				CLANG_WARN_NON_LITERAL_NULL_CONVERSION = YES;
				CLANG_WARN_OBJC_IMPLICIT_RETAIN_SELF = YES;
				CLANG_WARN_OBJC_LITERAL_CONVERSION = YES;
				CLANG_WARN_OBJC_ROOT_CLASS = YES_ERROR;
				CLANG_WARN_QUOTED_INCLUDE_IN_FRAMEWORK_HEADER = YES;
				CLANG_WARN_RANGE_LOOP_ANALYSIS = YES;
				CLANG_WARN_STRICT_PROTOTYPES = YES;
				CLANG_WARN_SUSPICIOUS_MOVE = YES;
				CLANG_WARN_UNGUARDED_AVAILABILITY = YES_AGGRESSIVE;
				CLANG_WARN_UNREACHABLE_CODE = YES;
				CLANG_WARN__DUPLICATE_METHOD_MATCH = YES;
				COPY_PHASE_STRIP = NO;
				DEBUG_INFORMATION_FORMAT = dwarf;
				ENABLE_STRICT_OBJC_MSGSEND = YES;
				ENABLE_TESTABILITY = YES;
				ENABLE_USER_SCRIPT_SANDBOXING = YES;
				GCC_C_LANGUAGE_STANDARD = gnu17;
				GCC_DYNAMIC_NO_PIC = NO;
				GCC_NO_COMMON_BLOCKS = YES;
				GCC_OPTIMIZATION_LEVEL = 0;
				GCC_PREPROCESSOR_DEFINITIONS = (
					"DEBUG=1",
					"$(inherited)",
				);
				GCC_WARN_64_TO_32_BIT_CONVERSION = YES;
				GCC_WARN_ABOUT_RETURN_TYPE = YES_ERROR;
				GCC_WARN_UNDECLARED_SELECTOR = YES;
				GCC_WARN_UNINITIALIZED_AUTOS = YES_AGGRESSIVE;
				GCC_WARN_UNUSED_FUNCTION = YES;
				GCC_WARN_UNUSED_VARIABLE = YES;
				IPHONEOS_DEPLOYMENT_TARGET = 17.0;
				LOCALIZATION_PREFERS_STRING_CATALOGS = YES;
				MTL_ENABLE_DEBUG_INFO = INCLUDE_SOURCE;
				MTL_FAST_MATH = YES;
				ONLY_ACTIVE_ARCH = YES;
				SDKROOT = iphoneos;
				SWIFT_ACTIVE_COMPILATION_CONDITIONS = "DEBUG $(inherited)";
				SWIFT_OPTIMIZATION_LEVEL = "-Onone";
			};
			name = Debug;
		};
		76C138882AE0B40E001215AA /* Release */ = {
			isa = XCBuildConfiguration;
			buildSettings = {
				ALWAYS_SEARCH_USER_PATHS = NO;
				ASSETCATALOG_COMPILER_GENERATE_SWIFT_ASSET_SYMBOL_EXTENSIONS = YES;
				CLANG_ANALYZER_NONNULL = YES;
				CLANG_ANALYZER_NUMBER_OBJECT_CONVERSION = YES_AGGRESSIVE;
				CLANG_CXX_LANGUAGE_STANDARD = "gnu++20";
				CLANG_ENABLE_MODULES = YES;
				CLANG_ENABLE_OBJC_ARC = YES;
				CLANG_ENABLE_OBJC_WEAK = YES;
				CLANG_WARN_BLOCK_CAPTURE_AUTORELEASING = YES;
				CLANG_WARN_BOOL_CONVERSION = YES;
				CLANG_WARN_COMMA = YES;
				CLANG_WARN_CONSTANT_CONVERSION = YES;
				CLANG_WARN_DEPRECATED_OBJC_IMPLEMENTATIONS = YES;
				CLANG_WARN_DIRECT_OBJC_ISA_USAGE = YES_ERROR;
				CLANG_WARN_DOCUMENTATION_COMMENTS = YES;
				CLANG_WARN_EMPTY_BODY = YES;
				CLANG_WARN_ENUM_CONVERSION = YES;
				CLANG_WARN_INFINITE_RECURSION = YES;
				CLANG_WARN_INT_CONVERSION = YES;
				CLANG_WARN_NON_LITERAL_NULL_CONVERSION = YES;
				CLANG_WARN_OBJC_IMPLICIT_RETAIN_SELF = YES;
				CLANG_WARN_OBJC_LITERAL_CONVERSION = YES;
				CLANG_WARN_OBJC_ROOT_CLASS = YES_ERROR;
				CLANG_WARN_QUOTED_INCLUDE_IN_FRAMEWORK_HEADER = YES;
				CLANG_WARN_RANGE_LOOP_ANALYSIS = YES;
				CLANG_WARN_STRICT_PROTOTYPES = YES;
				CLANG_WARN_SUSPICIOUS_MOVE = YES;
				CLANG_WARN_UNGUARDED_AVAILABILITY = YES_AGGRESSIVE;
				CLANG_WARN_UNREACHABLE_CODE = YES;
				CLANG_WARN__DUPLICATE_METHOD_MATCH = YES;
				COPY_PHASE_STRIP = NO;
				DEBUG_INFORMATION_FORMAT = "dwarf-with-dsym";
				ENABLE_NS_ASSERTIONS = NO;
				ENABLE_STRICT_OBJC_MSGSEND = YES;
				ENABLE_USER_SCRIPT_SANDBOXING = YES;
				GCC_C_LANGUAGE_STANDARD = gnu17;
				GCC_NO_COMMON_BLOCKS = YES;
				GCC_WARN_64_TO_32_BIT_CONVERSION = YES;
				GCC_WARN_ABOUT_RETURN_TYPE = YES_ERROR;
				GCC_WARN_UNDECLARED_SELECTOR = YES;
				GCC_WARN_UNINITIALIZED_AUTOS = YES_AGGRESSIVE;
				GCC_WARN_UNUSED_FUNCTION = YES;
				GCC_WARN_UNUSED_VARIABLE = YES;
				IPHONEOS_DEPLOYMENT_TARGET = 17.0;
				LOCALIZATION_PREFERS_STRING_CATALOGS = YES;
				MTL_ENABLE_DEBUG_INFO = NO;
				MTL_FAST_MATH = YES;
				SDKROOT = iphoneos;
				SWIFT_COMPILATION_MODE = wholemodule;
				VALIDATE_PRODUCT = YES;
			};
			name = Release;
		};
		76C1388A2AE0B40E001215AA /* Debug */ = {
			isa = XCBuildConfiguration;
			buildSettings = {
				ASSETCATALOG_COMPILER_APPICON_NAME = AppIcon;
				ASSETCATALOG_COMPILER_GLOBAL_ACCENT_COLOR_NAME = AccentColor;
				CODE_SIGN_STYLE = Automatic;
				CURRENT_PROJECT_VERSION = 1;
				DEVELOPMENT_TEAM = G87Y5ZTXUF;
				GENERATE_INFOPLIST_FILE = YES;
				INFOPLIST_FILE = "password-manager/Info.plist";
				INFOPLIST_KEY_UIApplicationSupportsIndirectInputEvents = YES;
				INFOPLIST_KEY_UILaunchStoryboardName = LaunchScreen;
				INFOPLIST_KEY_UIMainStoryboardFile = Main;
				INFOPLIST_KEY_UISupportedInterfaceOrientations_iPad = "UIInterfaceOrientationPortrait UIInterfaceOrientationPortraitUpsideDown UIInterfaceOrientationLandscapeLeft UIInterfaceOrientationLandscapeRight";
				INFOPLIST_KEY_UISupportedInterfaceOrientations_iPhone = "UIInterfaceOrientationPortrait UIInterfaceOrientationLandscapeLeft UIInterfaceOrientationLandscapeRight";
				LD_RUNPATH_SEARCH_PATHS = (
					"$(inherited)",
					"@executable_path/Frameworks",
				);
				MARKETING_VERSION = 1.0;
				PRODUCT_BUNDLE_IDENTIFIER = "tucur.prg.password-manager";
				PRODUCT_NAME = "$(TARGET_NAME)";
				SWIFT_EMIT_LOC_STRINGS = YES;
				SWIFT_VERSION = 5.0;
				TARGETED_DEVICE_FAMILY = "1,2";
			};
			name = Debug;
		};
		76C1388B2AE0B40E001215AA /* Release */ = {
			isa = XCBuildConfiguration;
			buildSettings = {
				ASSETCATALOG_COMPILER_APPICON_NAME = AppIcon;
				ASSETCATALOG_COMPILER_GLOBAL_ACCENT_COLOR_NAME = AccentColor;
				CODE_SIGN_STYLE = Automatic;
				CURRENT_PROJECT_VERSION = 1;
				DEVELOPMENT_TEAM = G87Y5ZTXUF;
				GENERATE_INFOPLIST_FILE = YES;
				INFOPLIST_FILE = "password-manager/Info.plist";
				INFOPLIST_KEY_UIApplicationSupportsIndirectInputEvents = YES;
				INFOPLIST_KEY_UILaunchStoryboardName = LaunchScreen;
				INFOPLIST_KEY_UIMainStoryboardFile = Main;
				INFOPLIST_KEY_UISupportedInterfaceOrientations_iPad = "UIInterfaceOrientationPortrait UIInterfaceOrientationPortraitUpsideDown UIInterfaceOrientationLandscapeLeft UIInterfaceOrientationLandscapeRight";
				INFOPLIST_KEY_UISupportedInterfaceOrientations_iPhone = "UIInterfaceOrientationPortrait UIInterfaceOrientationLandscapeLeft UIInterfaceOrientationLandscapeRight";
				LD_RUNPATH_SEARCH_PATHS = (
					"$(inherited)",
					"@executable_path/Frameworks",
				);
				MARKETING_VERSION = 1.0;
				PRODUCT_BUNDLE_IDENTIFIER = "tucur.prg.password-manager";
				PRODUCT_NAME = "$(TARGET_NAME)";
				SWIFT_EMIT_LOC_STRINGS = YES;
				SWIFT_VERSION = 5.0;
				TARGETED_DEVICE_FAMILY = "1,2";
			};
			name = Release;
		};
		76C1388D2AE0B40E001215AA /* Debug */ = {
			isa = XCBuildConfiguration;
			buildSettings = {
				ALWAYS_EMBED_SWIFT_STANDARD_LIBRARIES = YES;
				BUNDLE_LOADER = "$(TEST_HOST)";
				CODE_SIGN_STYLE = Automatic;
				CURRENT_PROJECT_VERSION = 1;
				DEVELOPMENT_TEAM = G87Y5ZTXUF;
				GENERATE_INFOPLIST_FILE = YES;
				IPHONEOS_DEPLOYMENT_TARGET = 17.0;
				MARKETING_VERSION = 1.0;
				PRODUCT_BUNDLE_IDENTIFIER = "tucur.prg.password-managerTests";
				PRODUCT_NAME = "$(TARGET_NAME)";
				SWIFT_EMIT_LOC_STRINGS = NO;
				SWIFT_VERSION = 5.0;
				TARGETED_DEVICE_FAMILY = "1,2";
				TEST_HOST = "$(BUILT_PRODUCTS_DIR)/password-manager.app/$(BUNDLE_EXECUTABLE_FOLDER_PATH)/password-manager";
			};
			name = Debug;
		};
		76C1388E2AE0B40E001215AA /* Release */ = {
			isa = XCBuildConfiguration;
			buildSettings = {
				ALWAYS_EMBED_SWIFT_STANDARD_LIBRARIES = YES;
				BUNDLE_LOADER = "$(TEST_HOST)";
				CODE_SIGN_STYLE = Automatic;
				CURRENT_PROJECT_VERSION = 1;
				DEVELOPMENT_TEAM = G87Y5ZTXUF;
				GENERATE_INFOPLIST_FILE = YES;
				IPHONEOS_DEPLOYMENT_TARGET = 17.0;
				MARKETING_VERSION = 1.0;
				PRODUCT_BUNDLE_IDENTIFIER = "tucur.prg.password-managerTests";
				PRODUCT_NAME = "$(TARGET_NAME)";
				SWIFT_EMIT_LOC_STRINGS = NO;
				SWIFT_VERSION = 5.0;
				TARGETED_DEVICE_FAMILY = "1,2";
				TEST_HOST = "$(BUILT_PRODUCTS_DIR)/password-manager.app/$(BUNDLE_EXECUTABLE_FOLDER_PATH)/password-manager";
			};
			name = Release;
		};
		76C138902AE0B40E001215AA /* Debug */ = {
			isa = XCBuildConfiguration;
			buildSettings = {
				ALWAYS_EMBED_SWIFT_STANDARD_LIBRARIES = YES;
				CODE_SIGN_STYLE = Automatic;
				CURRENT_PROJECT_VERSION = 1;
				DEVELOPMENT_TEAM = G87Y5ZTXUF;
				GENERATE_INFOPLIST_FILE = YES;
				MARKETING_VERSION = 1.0;
				PRODUCT_BUNDLE_IDENTIFIER = "tucur.prg.password-managerUITests";
				PRODUCT_NAME = "$(TARGET_NAME)";
				SWIFT_EMIT_LOC_STRINGS = NO;
				SWIFT_VERSION = 5.0;
				TARGETED_DEVICE_FAMILY = "1,2";
				TEST_TARGET_NAME = "password-manager";
			};
			name = Debug;
		};
		76C138912AE0B40E001215AA /* Release */ = {
			isa = XCBuildConfiguration;
			buildSettings = {
				ALWAYS_EMBED_SWIFT_STANDARD_LIBRARIES = YES;
				CODE_SIGN_STYLE = Automatic;
				CURRENT_PROJECT_VERSION = 1;
				DEVELOPMENT_TEAM = G87Y5ZTXUF;
				GENERATE_INFOPLIST_FILE = YES;
				MARKETING_VERSION = 1.0;
				PRODUCT_BUNDLE_IDENTIFIER = "tucur.prg.password-managerUITests";
				PRODUCT_NAME = "$(TARGET_NAME)";
				SWIFT_EMIT_LOC_STRINGS = NO;
				SWIFT_VERSION = 5.0;
				TARGETED_DEVICE_FAMILY = "1,2";
				TEST_TARGET_NAME = "password-manager";
			};
			name = Release;
		};
/* End XCBuildConfiguration section */

/* Begin XCConfigurationList section */
		76C1385A2AE0B40B001215AA /* Build configuration list for PBXProject "password-manager" */ = {
			isa = XCConfigurationList;
			buildConfigurations = (
				76C138872AE0B40E001215AA /* Debug */,
				76C138882AE0B40E001215AA /* Release */,
			);
			defaultConfigurationIsVisible = 0;
			defaultConfigurationName = Release;
		};
		76C138892AE0B40E001215AA /* Build configuration list for PBXNativeTarget "password-manager" */ = {
			isa = XCConfigurationList;
			buildConfigurations = (
				76C1388A2AE0B40E001215AA /* Debug */,
				76C1388B2AE0B40E001215AA /* Release */,
			);
			defaultConfigurationIsVisible = 0;
			defaultConfigurationName = Release;
		};
		76C1388C2AE0B40E001215AA /* Build configuration list for PBXNativeTarget "password-managerTests" */ = {
			isa = XCConfigurationList;
			buildConfigurations = (
				76C1388D2AE0B40E001215AA /* Debug */,
				76C1388E2AE0B40E001215AA /* Release */,
			);
			defaultConfigurationIsVisible = 0;
			defaultConfigurationName = Release;
		};
		76C1388F2AE0B40E001215AA /* Build configuration list for PBXNativeTarget "password-managerUITests" */ = {
			isa = XCConfigurationList;
			buildConfigurations = (
				76C138902AE0B40E001215AA /* Debug */,
				76C138912AE0B40E001215AA /* Release */,
			);
			defaultConfigurationIsVisible = 0;
			defaultConfigurationName = Release;
		};
/* End XCConfigurationList section */
	};
	rootObject = 76C138572AE0B40B001215AA /* Project object */;
}
